
Microsoft Visual Studio Solution File, Format Version 12.00
# Visual Studio Version 17
VisualStudioVersion = 17.13.35931.197 d17.13
MinimumVisualStudioVersion = 10.0.40219.1
Project("{FAE04EC0-301F-11D3-BF4B-00C04F79EFBC}") = "WebApplication1", "WebApplication1\WebApplication1.csproj", "{912E7D26-D92E-4609-825A-F08B4C336033}"
EndProject
Global
	GlobalSection(SolutionConfigurationPlatforms) = preSolution
		Debug|Any CPU = Debug|Any CPU
		Release|Any CPU = Release|Any CPU
	EndGlobalSection
	GlobalSection(ProjectConfigurationPlatforms) = postSolution
		{912E7D26-D92E-4609-825A-F08B4C336033}.Debug|Any CPU.ActiveCfg = Debug|Any CPU
		{912E7D26-D92E-4609-825A-F08B4C336033}.Debug|Any CPU.Build.0 = Debug|Any CPU
		{912E7D26-D92E-4609-825A-F08B4C336033}.Release|Any CPU.ActiveCfg = Release|Any CPU
		{912E7D26-D92E-4609-825A-F08B4C336033}.Release|Any CPU.Build.0 = Release|Any CPU
	EndGlobalSection
	GlobalSection(SolutionProperties) = preSolution
		HideSolutionNode = FALSE
	EndGlobalSection
	GlobalSection(ExtensibilityGlobals) = postSolution
		SolutionGuid = {81939726-4340-4740-A065-750532E13009}
	EndGlobalSection
EndGlobal
